// !$*UTF8*$!
{
	archiveVersion = 1;
	classes = {
	};
	objectVersion = 46;
	objects = {

/* Begin PBXBuildFile section */
		FF38420315988E7000E7EDE2 /* IRRTEEditorView.m in Sources */ = {isa = PBXBuildFile; fileRef = FF70E448152E2549008BFB00 /* IRRTEEditorView.m */; };
		FF38420415988E7200E7EDE2 /* IRRTEEditorViewController.m in Sources */ = {isa = PBXBuildFile; fileRef = FF95F301152E194E008DA649 /* IRRTEEditorViewController.m */; };
		FFBEE73B15988B260057BEA0 /* Foundation.framework in Frameworks */ = {isa = PBXBuildFile; fileRef = FF95F2EB152E1939008DA649 /* Foundation.framework */; };
/* End PBXBuildFile section */

/* Begin PBXCopyFilesBuildPhase section */
		FFBEE73815988B260057BEA0 /* CopyFiles */ = {
			isa = PBXCopyFilesBuildPhase;
			buildActionMask = 2147483647;
			dstPath = "include/${PRODUCT_NAME}";
			dstSubfolderSpec = 16;
			files = (
			);
			runOnlyForDeploymentPostprocessing = 0;
		};
/* End PBXCopyFilesBuildPhase section */

/* Begin PBXFileReference section */
		FF3842051598914400E7EDE2 /* IRRichTextEditor.bundle */ = {isa = PBXFileReference; lastKnownFileType = "wrapper.plug-in"; name = IRRichTextEditor.bundle; path = IRRichTextEditor/IRRichTextEditor.bundle; sourceTree = "<group>"; };
		FF70E447152E2549008BFB00 /* IRRTEEditorView.h */ = {isa = PBXFileReference; fileEncoding = 4; lastKnownFileType = sourcecode.c.h; name = IRRTEEditorView.h; path = IRRichTextEditor/IRRTEEditorView.h; sourceTree = "<group>"; };
		FF70E448152E2549008BFB00 /* IRRTEEditorView.m */ = {isa = PBXFileReference; fileEncoding = 4; lastKnownFileType = sourcecode.c.objc; name = IRRTEEditorView.m; path = IRRichTextEditor/IRRTEEditorView.m; sourceTree = "<group>"; };
		FF95F2E9152E1939008DA649 /* UIKit.framework */ = {isa = PBXFileReference; lastKnownFileType = wrapper.framework; name = UIKit.framework; path = System/Library/Frameworks/UIKit.framework; sourceTree = SDKROOT; };
		FF95F2EB152E1939008DA649 /* Foundation.framework */ = {isa = PBXFileReference; lastKnownFileType = wrapper.framework; name = Foundation.framework; path = System/Library/Frameworks/Foundation.framework; sourceTree = SDKROOT; };
		FF95F2ED152E1939008DA649 /* CoreGraphics.framework */ = {isa = PBXFileReference; lastKnownFileType = wrapper.framework; name = CoreGraphics.framework; path = System/Library/Frameworks/CoreGraphics.framework; sourceTree = SDKROOT; };
		FF95F2F1152E1939008DA649 /* IRRichTextEditor-Info.plist */ = {isa = PBXFileReference; lastKnownFileType = text.plist.xml; path = "IRRichTextEditor-Info.plist"; sourceTree = "<group>"; };
		FF95F2F3152E1939008DA649 /* en */ = {isa = PBXFileReference; lastKnownFileType = text.plist.strings; name = en; path = en.lproj/InfoPlist.strings; sourceTree = "<group>"; };
		FF95F2F5152E1939008DA649 /* main.m */ = {isa = PBXFileReference; lastKnownFileType = sourcecode.c.objc; path = main.m; sourceTree = "<group>"; };
		FF95F2F7152E1939008DA649 /* IRRichTextEditor-Prefix.pch */ = {isa = PBXFileReference; lastKnownFileType = sourcecode.c.h; path = "IRRichTextEditor-Prefix.pch"; sourceTree = "<group>"; };
		FF95F300152E194E008DA649 /* IRRTEEditorViewController.h */ = {isa = PBXFileReference; fileEncoding = 4; lastKnownFileType = sourcecode.c.h; name = IRRTEEditorViewController.h; path = IRRichTextEditor/IRRTEEditorViewController.h; sourceTree = "<group>"; };
		FF95F301152E194E008DA649 /* IRRTEEditorViewController.m */ = {isa = PBXFileReference; fileEncoding = 4; lastKnownFileType = sourcecode.c.objc; name = IRRTEEditorViewController.m; path = IRRichTextEditor/IRRTEEditorViewController.m; sourceTree = "<group>"; };
		FFBEE73A15988B260057BEA0 /* libIRRichTextEditor.a */ = {isa = PBXFileReference; explicitFileType = archive.ar; includeInIndex = 0; path = libIRRichTextEditor.a; sourceTree = BUILT_PRODUCTS_DIR; };
/* End PBXFileReference section */

/* Begin PBXFrameworksBuildPhase section */
		FFBEE73715988B260057BEA0 /* Frameworks */ = {
			isa = PBXFrameworksBuildPhase;
			buildActionMask = 2147483647;
			files = (
				FFBEE73B15988B260057BEA0 /* Foundation.framework in Frameworks */,
			);
			runOnlyForDeploymentPostprocessing = 0;
		};
/* End PBXFrameworksBuildPhase section */

/* Begin PBXGroup section */
		FF95F2DA152E1939008DA649 = {
			isa = PBXGroup;
			children = (
				FF95F300152E194E008DA649 /* IRRTEEditorViewController.h */,
				FF95F301152E194E008DA649 /* IRRTEEditorViewController.m */,
				FF70E447152E2549008BFB00 /* IRRTEEditorView.h */,
				FF70E448152E2549008BFB00 /* IRRTEEditorView.m */,
				FF3842051598914400E7EDE2 /* IRRichTextEditor.bundle */,
				FF95F2F0152E1939008DA649 /* Supporting Files */,
				FF95F2E8152E1939008DA649 /* Frameworks */,
				FF95F2E6152E1939008DA649 /* Products */,
			);
			sourceTree = "<group>";
		};
		FF95F2E6152E1939008DA649 /* Products */ = {
			isa = PBXGroup;
			children = (
				FFBEE73A15988B260057BEA0 /* libIRRichTextEditor.a */,
			);
			name = Products;
			sourceTree = "<group>";
		};
		FF95F2E8152E1939008DA649 /* Frameworks */ = {
			isa = PBXGroup;
			children = (
				FF95F2E9152E1939008DA649 /* UIKit.framework */,
				FF95F2EB152E1939008DA649 /* Foundation.framework */,
				FF95F2ED152E1939008DA649 /* CoreGraphics.framework */,
			);
			name = Frameworks;
			sourceTree = "<group>";
		};
		FF95F2F0152E1939008DA649 /* Supporting Files */ = {
			isa = PBXGroup;
			children = (
				FF95F2F2152E1939008DA649 /* InfoPlist.strings */,
				FF95F2F1152E1939008DA649 /* IRRichTextEditor-Info.plist */,
				FF95F2F7152E1939008DA649 /* IRRichTextEditor-Prefix.pch */,
				FF95F2F5152E1939008DA649 /* main.m */,
			);
			name = "Supporting Files";
			path = IRRichTextEditor;
			sourceTree = "<group>";
		};
/* End PBXGroup section */

/* Begin PBXNativeTarget section */
		FFBEE73915988B260057BEA0 /* IRRichTextEditor */ = {
			isa = PBXNativeTarget;
			buildConfigurationList = FFBEE74315988B260057BEA0 /* Build configuration list for PBXNativeTarget "IRRichTextEditor" */;
			buildPhases = (
				FFBEE73615988B260057BEA0 /* Sources */,
				FFBEE73715988B260057BEA0 /* Frameworks */,
				FFBEE73815988B260057BEA0 /* CopyFiles */,
			);
			buildRules = (
			);
			dependencies = (
			);
			name = IRRichTextEditor;
			productName = IRRichTextEditor;
			productReference = FFBEE73A15988B260057BEA0 /* libIRRichTextEditor.a */;
			productType = "com.apple.product-type.library.static";
		};
/* End PBXNativeTarget section */

/* Begin PBXProject section */
		FF95F2DC152E1939008DA649 /* Project object */ = {
			isa = PBXProject;
			attributes = {
				CLASSPREFIX = IRRTE;
				ORGANIZATIONNAME = "Iridia Productions";
			};
			buildConfigurationList = FF95F2DF152E1939008DA649 /* Build configuration list for PBXProject "IRRichTextEditor" */;
			compatibilityVersion = "Xcode 3.2";
			developmentRegion = English;
			hasScannedForEncodings = 0;
			knownRegions = (
				en,
			);
			mainGroup = FF95F2DA152E1939008DA649;
			productRefGroup = FF95F2E6152E1939008DA649 /* Products */;
			projectDirPath = "";
			projectRoot = "";
			targets = (
				FFBEE73915988B260057BEA0 /* IRRichTextEditor */,
			);
		};
/* End PBXProject section */

/* Begin PBXSourcesBuildPhase section */
		FFBEE73615988B260057BEA0 /* Sources */ = {
			isa = PBXSourcesBuildPhase;
			buildActionMask = 2147483647;
			files = (
				FF38420415988E7200E7EDE2 /* IRRTEEditorViewController.m in Sources */,
				FF38420315988E7000E7EDE2 /* IRRTEEditorView.m in Sources */,
			);
			runOnlyForDeploymentPostprocessing = 0;
		};
/* End PBXSourcesBuildPhase section */

/* Begin PBXVariantGroup section */
		FF95F2F2152E1939008DA649 /* InfoPlist.strings */ = {
			isa = PBXVariantGroup;
			children = (
				FF95F2F3152E1939008DA649 /* en */,
			);
			name = InfoPlist.strings;
			sourceTree = "<group>";
		};
/* End PBXVariantGroup section */

/* Begin XCBuildConfiguration section */
		FF95F2FB152E1939008DA649 /* Debug */ = {
			isa = XCBuildConfiguration;
			buildSettings = {
				ALWAYS_SEARCH_USER_PATHS = NO;
				ARCHS = "$(ARCHS_STANDARD_32_BIT)";
				CLANG_ENABLE_OBJC_ARC = YES;
				CLANG_WARN__DUPLICATE_METHOD_MATCH = YES;
				"CODE_SIGN_IDENTITY[sdk=iphoneos*]" = "iPhone Developer";
				COPY_PHASE_STRIP = NO;
				GCC_C_LANGUAGE_STANDARD = gnu99;
				GCC_DYNAMIC_NO_PIC = NO;
				GCC_OPTIMIZATION_LEVEL = 0;
				GCC_PREPROCESSOR_DEFINITIONS = (
					"DEBUG=1",
					"$(inherited)",
				);
				GCC_SYMBOLS_PRIVATE_EXTERN = NO;
				GCC_VERSION = com.apple.compilers.llvm.clang.1_0;
				GCC_WARN_ABOUT_RETURN_TYPE = YES;
				GCC_WARN_UNINITIALIZED_AUTOS = YES;
				GCC_WARN_UNUSED_VARIABLE = YES;
				IPHONEOS_DEPLOYMENT_TARGET = 5.1;
				SDKROOT = iphoneos;
			};
			name = Debug;
		};
		FF95F2FC152E1939008DA649 /* Release */ = {
			isa = XCBuildConfiguration;
			buildSettings = {
				ALWAYS_SEARCH_USER_PATHS = NO;
				ARCHS = "$(ARCHS_STANDARD_32_BIT)";
				CLANG_ENABLE_OBJC_ARC = YES;
				CLANG_WARN__DUPLICATE_METHOD_MATCH = YES;
				"CODE_SIGN_IDENTITY[sdk=iphoneos*]" = "iPhone Developer";
				COPY_PHASE_STRIP = YES;
				GCC_C_LANGUAGE_STANDARD = gnu99;
				GCC_VERSION = com.apple.compilers.llvm.clang.1_0;
				GCC_WARN_ABOUT_RETURN_TYPE = YES;
				GCC_WARN_UNINITIALIZED_AUTOS = YES;
				GCC_WARN_UNUSED_VARIABLE = YES;
				IPHONEOS_DEPLOYMENT_TARGET = 5.1;
				OTHER_CFLAGS = "-DNS_BLOCK_ASSERTIONS=1";
				SDKROOT = iphoneos;
				VALIDATE_PRODUCT = YES;
			};
			name = Release;
		};
		FFBEE74415988B260057BEA0 /* Debug */ = {
			isa = XCBuildConfiguration;
			buildSettings = {
				CLANG_CXX_LANGUAGE_STANDARD = "gnu++0x";
				DSTROOT = /tmp/IRRichTextEditor.dst;
				GCC_PRECOMPILE_PREFIX_HEADER = YES;
				GCC_PREFIX_HEADER = "IRRichTextEditor/IRRichTextEditor-Prefix.pch";
				IPHONEOS_DEPLOYMENT_TARGET = 6.0;
				OTHER_LDFLAGS = "-ObjC";
				PRODUCT_NAME = "$(TARGET_NAME)";
				SKIP_INSTALL = YES;
			};
			name = Debug;
		};
		FFBEE74515988B260057BEA0 /* Release */ = {
			isa = XCBuildConfiguration;
			buildSettings = {
				CLANG_CXX_LANGUAGE_STANDARD = "gnu++0x";
				DSTROOT = /tmp/IRRichTextEditor.dst;
				GCC_PRECOMPILE_PREFIX_HEADER = YES;
				GCC_PREFIX_HEADER = "IRRichTextEditor/IRRichTextEditor-Prefix.pch";
				IPHONEOS_DEPLOYMENT_TARGET = 6.0;
				OTHER_LDFLAGS = "-ObjC";
				PRODUCT_NAME = "$(TARGET_NAME)";
				SKIP_INSTALL = YES;
			};
			name = Release;
		};
/* End XCBuildConfiguration section */

/* Begin XCConfigurationList section */
		FF95F2DF152E1939008DA649 /* Build configuration list for PBXProject "IRRichTextEditor" */ = {
			isa = XCConfigurationList;
			buildConfigurations = (
				FF95F2FB152E1939008DA649 /* Debug */,
				FF95F2FC152E1939008DA649 /* Release */,
			);
			defaultConfigurationIsVisible = 0;
			defaultConfigurationName = Release;
		};
		FFBEE74315988B260057BEA0 /* Build configuration list for PBXNativeTarget "IRRichTextEditor" */ = {
			isa = XCConfigurationList;
			buildConfigurations = (
				FFBEE74415988B260057BEA0 /* Debug */,
				FFBEE74515988B260057BEA0 /* Release */,
			);
			defaultConfigurationIsVisible = 0;
			defaultConfigurationName = Release;
		};
/* End XCConfigurationList section */
	};
	rootObject = FF95F2DC152E1939008DA649 /* Project object */;
}
